// !$*UTF8*$!
{
	archiveVersion = 1;
	classes = {
	};
	objectVersion = 77;
	objects = {

/* Begin PBXBuildFile section */
		F8B1CD5A2E38FD16005FA8E9 /* Lottie in Frameworks */ = {isa = PBXBuildFile; productRef = F8B1CD592E38FD16005FA8E9 /* Lottie */; };
/* End PBXBuildFile section */

/* Begin PBXContainerItemProxy section */
		F86F65342E0AC84B00FA316C /* PBXContainerItemProxy */ = {
			isa = PBXContainerItemProxy;
			containerPortal = F86F65192E0AC84A00FA316C /* Project object */;
			proxyType = 1;
			remoteGlobalIDString = F86F65202E0AC84A00FA316C;
			remoteInfo = RadioCar;
		};
		F86F653E2E0AC84B00FA316C /* PBXContainerItemProxy */ = {
			isa = PBXContainerItemProxy;
			containerPortal = F86F65192E0AC84A00FA316C /* Project object */;
			proxyType = 1;
			remoteGlobalIDString = F86F65202E0AC84A00FA316C;
			remoteInfo = RadioCar;
		};
/* End PBXContainerItemProxy section */

/* Begin PBXFileReference section */
		F86F65212E0AC84A00FA316C /* RadioCar.app */ = {isa = PBXFileReference; explicitFileType = wrapper.application; includeInIndex = 0; path = RadioCar.app; sourceTree = BUILT_PRODUCTS_DIR; };
		F86F65332E0AC84B00FA316C /* RadioCarTests.xctest */ = {isa = PBXFileReference; explicitFileType = wrapper.cfbundle; includeInIndex = 0; path = RadioCarTests.xctest; sourceTree = BUILT_PRODUCTS_DIR; };
		F86F653D2E0AC84B00FA316C /* RadioCarUITests.xctest */ = {isa = PBXFileReference; explicitFileType = wrapper.cfbundle; includeInIndex = 0; path = RadioCarUITests.xctest; sourceTree = BUILT_PRODUCTS_DIR; };
/* End PBXFileReference section */

/* Begin PBXFileSystemSynchronizedBuildFileExceptionSet section */
		F8E4C7562E325864009AD7AA /* Exceptions for "RadioCar" folder in "RadioCar" target */ = {
			isa = PBXFileSystemSynchronizedBuildFileExceptionSet;
			membershipExceptions = (
				Info.plist,
			);
			target = F86F65202E0AC84A00FA316C /* RadioCar */;
		};
/* End PBXFileSystemSynchronizedBuildFileExceptionSet section */

/* Begin PBXFileSystemSynchronizedRootGroup section */
		F86F65232E0AC84A00FA316C /* RadioCar */ = {
			isa = PBXFileSystemSynchronizedRootGroup;
			exceptions = (
				F8E4C7562E325864009AD7AA /* Exceptions for "RadioCar" folder in "RadioCar" target */,
			);
			path = RadioCar;
			sourceTree = "<group>";
		};
		F86F65362E0AC84B00FA316C /* RadioCarTests */ = {
			isa = PBXFileSystemSynchronizedRootGroup;
			path = RadioCarTests;
			sourceTree = "<group>";
		};
		F86F65402E0AC84B00FA316C /* RadioCarUITests */ = {
			isa = PBXFileSystemSynchronizedRootGroup;
			path = RadioCarUITests;
			sourceTree = "<group>";
		};
/* End PBXFileSystemSynchronizedRootGroup section */

/* Begin PBXFrameworksBuildPhase section */
		F86F651E2E0AC84A00FA316C /* Frameworks */ = {
			isa = PBXFrameworksBuildPhase;
			buildActionMask = 2147483647;
			files = (
				F8B1CD5A2E38FD16005FA8E9 /* Lottie in Frameworks */,
			);
			runOnlyForDeploymentPostprocessing = 0;
		};
		F86F65302E0AC84B00FA316C /* Frameworks */ = {
			isa = PBXFrameworksBuildPhase;
			buildActionMask = 2147483647;
			files = (
			);
			runOnlyForDeploymentPostprocessing = 0;
		};
		F86F653A2E0AC84B00FA316C /* Frameworks */ = {
			isa = PBXFrameworksBuildPhase;
			buildActionMask = 2147483647;
			files = (
			);
			runOnlyForDeploymentPostprocessing = 0;
		};
/* End PBXFrameworksBuildPhase section */

/* Begin PBXGroup section */
		F86F65182E0AC84A00FA316C = {
			isa = PBXGroup;
			children = (
				F86F65232E0AC84A00FA316C /* RadioCar */,
				F86F65362E0AC84B00FA316C /* RadioCarTests */,
				F86F65402E0AC84B00FA316C /* RadioCarUITests */,
				F86F65222E0AC84A00FA316C /* Products */,
			);
			sourceTree = "<group>";
		};
		F86F65222E0AC84A00FA316C /* Products */ = {
			isa = PBXGroup;
			children = (
				F86F65212E0AC84A00FA316C /* RadioCar.app */,
				F86F65332E0AC84B00FA316C /* RadioCarTests.xctest */,
				F86F653D2E0AC84B00FA316C /* RadioCarUITests.xctest */,
			);
			name = Products;
			sourceTree = "<group>";
		};
/* End PBXGroup section */

/* Begin PBXNativeTarget section */
		F86F65202E0AC84A00FA316C /* RadioCar */ = {
			isa = PBXNativeTarget;
			buildConfigurationList = F86F65472E0AC84B00FA316C /* Build configuration list for PBXNativeTarget "RadioCar" */;
			buildPhases = (
				F86F651D2E0AC84A00FA316C /* Sources */,
				F86F651E2E0AC84A00FA316C /* Frameworks */,
				F86F651F2E0AC84A00FA316C /* Resources */,
			);
			buildRules = (
			);
			dependencies = (
			);
			fileSystemSynchronizedGroups = (
				F86F65232E0AC84A00FA316C /* RadioCar */,
			);
			name = RadioCar;
			packageProductDependencies = (
				F8B1CD592E38FD16005FA8E9 /* Lottie */,
			);
			productName = RadioCar;
			productReference = F86F65212E0AC84A00FA316C /* RadioCar.app */;
			productType = "com.apple.product-type.application";
		};
		F86F65322E0AC84B00FA316C /* RadioCarTests */ = {
			isa = PBXNativeTarget;
			buildConfigurationList = F86F654A2E0AC84B00FA316C /* Build configuration list for PBXNativeTarget "RadioCarTests" */;
			buildPhases = (
				F86F652F2E0AC84B00FA316C /* Sources */,
				F86F65302E0AC84B00FA316C /* Frameworks */,
				F86F65312E0AC84B00FA316C /* Resources */,
			);
			buildRules = (
			);
			dependencies = (
				F86F65352E0AC84B00FA316C /* PBXTargetDependency */,
			);
			fileSystemSynchronizedGroups = (
				F86F65362E0AC84B00FA316C /* RadioCarTests */,
			);
			name = RadioCarTests;
			packageProductDependencies = (
			);
			productName = RadioCarTests;
			productReference = F86F65332E0AC84B00FA316C /* RadioCarTests.xctest */;
			productType = "com.apple.product-type.bundle.unit-test";
		};
		F86F653C2E0AC84B00FA316C /* RadioCarUITests */ = {
			isa = PBXNativeTarget;
			buildConfigurationList = F86F654D2E0AC84B00FA316C /* Build configuration list for PBXNativeTarget "RadioCarUITests" */;
			buildPhases = (
				F86F65392E0AC84B00FA316C /* Sources */,
				F86F653A2E0AC84B00FA316C /* Frameworks */,
				F86F653B2E0AC84B00FA316C /* Resources */,
			);
			buildRules = (
			);
			dependencies = (
				F86F653F2E0AC84B00FA316C /* PBXTargetDependency */,
			);
			fileSystemSynchronizedGroups = (
				F86F65402E0AC84B00FA316C /* RadioCarUITests */,
			);
			name = RadioCarUITests;
			packageProductDependencies = (
			);
			productName = RadioCarUITests;
			productReference = F86F653D2E0AC84B00FA316C /* RadioCarUITests.xctest */;
			productType = "com.apple.product-type.bundle.ui-testing";
		};
/* End PBXNativeTarget section */

/* Begin PBXProject section */
		F86F65192E0AC84A00FA316C /* Project object */ = {
			isa = PBXProject;
			attributes = {
				BuildIndependentTargetsInParallel = 1;
				LastSwiftUpdateCheck = 1620;
				LastUpgradeCheck = 1620;
				TargetAttributes = {
					F86F65202E0AC84A00FA316C = {
						CreatedOnToolsVersion = 16.2;
					};
					F86F65322E0AC84B00FA316C = {
						CreatedOnToolsVersion = 16.2;
						TestTargetID = F86F65202E0AC84A00FA316C;
					};
					F86F653C2E0AC84B00FA316C = {
						CreatedOnToolsVersion = 16.2;
						TestTargetID = F86F65202E0AC84A00FA316C;
					};
				};
			};
			buildConfigurationList = F86F651C2E0AC84A00FA316C /* Build configuration list for PBXProject "RadioCar" */;
			developmentRegion = en;
			hasScannedForEncodings = 0;
			knownRegions = (
				en,
				Base,
			);
			mainGroup = F86F65182E0AC84A00FA316C;
			minimizedProjectReferenceProxies = 1;
			packageReferences = (
				F8B1CD582E38FD16005FA8E9 /* XCRemoteSwiftPackageReference "lottie-ios" */,
			);
			preferredProjectObjectVersion = 77;
			productRefGroup = F86F65222E0AC84A00FA316C /* Products */;
			projectDirPath = "";
			projectRoot = "";
			targets = (
				F86F65202E0AC84A00FA316C /* RadioCar */,
				F86F65322E0AC84B00FA316C /* RadioCarTests */,
				F86F653C2E0AC84B00FA316C /* RadioCarUITests */,
			);
		};
/* End PBXProject section */

/* Begin PBXResourcesBuildPhase section */
		F86F651F2E0AC84A00FA316C /* Resources */ = {
			isa = PBXResourcesBuildPhase;
			buildActionMask = 2147483647;
			files = (
			);
			runOnlyForDeploymentPostprocessing = 0;
		};
		F86F65312E0AC84B00FA316C /* Resources */ = {
			isa = PBXResourcesBuildPhase;
			buildActionMask = 2147483647;
			files = (
			);
			runOnlyForDeploymentPostprocessing = 0;
		};
		F86F653B2E0AC84B00FA316C /* Resources */ = {
			isa = PBXResourcesBuildPhase;
			buildActionMask = 2147483647;
			files = (
			);
			runOnlyForDeploymentPostprocessing = 0;
		};
/* End PBXResourcesBuildPhase section */

/* Begin PBXSourcesBuildPhase section */
		F86F651D2E0AC84A00FA316C /* Sources */ = {
			isa = PBXSourcesBuildPhase;
			buildActionMask = 2147483647;
			files = (
			);
			runOnlyForDeploymentPostprocessing = 0;
		};
		F86F652F2E0AC84B00FA316C /* Sources */ = {
			isa = PBXSourcesBuildPhase;
			buildActionMask = 2147483647;
			files = (
			);
			runOnlyForDeploymentPostprocessing = 0;
		};
		F86F65392E0AC84B00FA316C /* Sources */ = {
			isa = PBXSourcesBuildPhase;
			buildActionMask = 2147483647;
			files = (
			);
			runOnlyForDeploymentPostprocessing = 0;
		};
/* End PBXSourcesBuildPhase section */

/* Begin PBXTargetDependency section */
		F86F65352E0AC84B00FA316C /* PBXTargetDependency */ = {
			isa = PBXTargetDependency;
			target = F86F65202E0AC84A00FA316C /* RadioCar */;
			targetProxy = F86F65342E0AC84B00FA316C /* PBXContainerItemProxy */;
		};
		F86F653F2E0AC84B00FA316C /* PBXTargetDependency */ = {
			isa = PBXTargetDependency;
			target = F86F65202E0AC84A00FA316C /* RadioCar */;
			targetProxy = F86F653E2E0AC84B00FA316C /* PBXContainerItemProxy */;
		};
/* End PBXTargetDependency section */

/* Begin XCBuildConfiguration section */
		F86F65452E0AC84B00FA316C /* Debug */ = {
			isa = XCBuildConfiguration;
			buildSettings = {
				ALWAYS_SEARCH_USER_PATHS = NO;
				ASSETCATALOG_COMPILER_GENERATE_SWIFT_ASSET_SYMBOL_EXTENSIONS = YES;
				CLANG_ANALYZER_NONNULL = YES;
				CLANG_ANALYZER_NUMBER_OBJECT_CONVERSION = YES_AGGRESSIVE;
				CLANG_CXX_LANGUAGE_STANDARD = "gnu++20";
				CLANG_ENABLE_MODULES = YES;
				CLANG_ENABLE_OBJC_ARC = YES;
				CLANG_ENABLE_OBJC_WEAK = YES;
				CLANG_WARN_BLOCK_CAPTURE_AUTORELEASING = YES;
				CLANG_WARN_BOOL_CONVERSION = YES;
				CLANG_WARN_COMMA = YES;
				CLANG_WARN_CONSTANT_CONVERSION = YES;
				CLANG_WARN_DEPRECATED_OBJC_IMPLEMENTATIONS = YES;
				CLANG_WARN_DIRECT_OBJC_ISA_USAGE = YES_ERROR;
				CLANG_WARN_DOCUMENTATION_COMMENTS = YES;
				CLANG_WARN_EMPTY_BODY = YES;
				CLANG_WARN_ENUM_CONVERSION = YES;
				CLANG_WARN_INFINITE_RECURSION = YES;
				CLANG_WARN_INT_CONVERSION = YES;
				CLANG_WARN_NON_LITERAL_NULL_CONVERSION = YES;
				CLANG_WARN_OBJC_IMPLICIT_RETAIN_SELF = YES;
				CLANG_WARN_OBJC_LITERAL_CONVERSION = YES;
				CLANG_WARN_OBJC_ROOT_CLASS = YES_ERROR;
				CLANG_WARN_QUOTED_INCLUDE_IN_FRAMEWORK_HEADER = YES;
				CLANG_WARN_RANGE_LOOP_ANALYSIS = YES;
				CLANG_WARN_STRICT_PROTOTYPES = YES;
				CLANG_WARN_SUSPICIOUS_MOVE = YES;
				CLANG_WARN_UNGUARDED_AVAILABILITY = YES_AGGRESSIVE;
				CLANG_WARN_UNREACHABLE_CODE = YES;
				CLANG_WARN__DUPLICATE_METHOD_MATCH = YES;
				COPY_PHASE_STRIP = NO;
				DEBUG_INFORMATION_FORMAT = dwarf;
				ENABLE_STRICT_OBJC_MSGSEND = YES;
				ENABLE_TESTABILITY = YES;
				ENABLE_USER_SCRIPT_SANDBOXING = YES;
				GCC_C_LANGUAGE_STANDARD = gnu17;
				GCC_DYNAMIC_NO_PIC = NO;
				GCC_NO_COMMON_BLOCKS = YES;
				GCC_OPTIMIZATION_LEVEL = 0;
				GCC_PREPROCESSOR_DEFINITIONS = (
					"DEBUG=1",
					"$(inherited)",
				);
				GCC_WARN_64_TO_32_BIT_CONVERSION = YES;
				GCC_WARN_ABOUT_RETURN_TYPE = YES_ERROR;
				GCC_WARN_UNDECLARED_SELECTOR = YES;
				GCC_WARN_UNINITIALIZED_AUTOS = YES_AGGRESSIVE;
				GCC_WARN_UNUSED_FUNCTION = YES;
				GCC_WARN_UNUSED_VARIABLE = YES;
				IPHONEOS_DEPLOYMENT_TARGET = 18.2;
				LOCALIZATION_PREFERS_STRING_CATALOGS = YES;
				MTL_ENABLE_DEBUG_INFO = INCLUDE_SOURCE;
				MTL_FAST_MATH = YES;
				ONLY_ACTIVE_ARCH = YES;
				SDKROOT = iphoneos;
				SWIFT_ACTIVE_COMPILATION_CONDITIONS = "DEBUG $(inherited)";
				SWIFT_OPTIMIZATION_LEVEL = "-Onone";
			};
			name = Debug;
		};
		F86F65462E0AC84B00FA316C /* Release */ = {
			isa = XCBuildConfiguration;
			buildSettings = {
				ALWAYS_SEARCH_USER_PATHS = NO;
				ASSETCATALOG_COMPILER_GENERATE_SWIFT_ASSET_SYMBOL_EXTENSIONS = YES;
				CLANG_ANALYZER_NONNULL = YES;
				CLANG_ANALYZER_NUMBER_OBJECT_CONVERSION = YES_AGGRESSIVE;
				CLANG_CXX_LANGUAGE_STANDARD = "gnu++20";
				CLANG_ENABLE_MODULES = YES;
				CLANG_ENABLE_OBJC_ARC = YES;
				CLANG_ENABLE_OBJC_WEAK = YES;
				CLANG_WARN_BLOCK_CAPTURE_AUTORELEASING = YES;
				CLANG_WARN_BOOL_CONVERSION = YES;
				CLANG_WARN_COMMA = YES;
				CLANG_WARN_CONSTANT_CONVERSION = YES;
				CLANG_WARN_DEPRECATED_OBJC_IMPLEMENTATIONS = YES;
				CLANG_WARN_DIRECT_OBJC_ISA_USAGE = YES_ERROR;
				CLANG_WARN_DOCUMENTATION_COMMENTS = YES;
				CLANG_WARN_EMPTY_BODY = YES;
				CLANG_WARN_ENUM_CONVERSION = YES;
				CLANG_WARN_INFINITE_RECURSION = YES;
				CLANG_WARN_INT_CONVERSION = YES;
				CLANG_WARN_NON_LITERAL_NULL_CONVERSION = YES;
				CLANG_WARN_OBJC_IMPLICIT_RETAIN_SELF = YES;
				CLANG_WARN_OBJC_LITERAL_CONVERSION = YES;
				CLANG_WARN_OBJC_ROOT_CLASS = YES_ERROR;
				CLANG_WARN_QUOTED_INCLUDE_IN_FRAMEWORK_HEADER = YES;
				CLANG_WARN_RANGE_LOOP_ANALYSIS = YES;
				CLANG_WARN_STRICT_PROTOTYPES = YES;
				CLANG_WARN_SUSPICIOUS_MOVE = YES;
				CLANG_WARN_UNGUARDED_AVAILABILITY = YES_AGGRESSIVE;
				CLANG_WARN_UNREACHABLE_CODE = YES;
				CLANG_WARN__DUPLICATE_METHOD_MATCH = YES;
				COPY_PHASE_STRIP = NO;
				DEBUG_INFORMATION_FORMAT = "dwarf-with-dsym";
				ENABLE_NS_ASSERTIONS = NO;
				ENABLE_STRICT_OBJC_MSGSEND = YES;
				ENABLE_USER_SCRIPT_SANDBOXING = YES;
				GCC_C_LANGUAGE_STANDARD = gnu17;
				GCC_NO_COMMON_BLOCKS = YES;
				GCC_WARN_64_TO_32_BIT_CONVERSION = YES;
				GCC_WARN_ABOUT_RETURN_TYPE = YES_ERROR;
				GCC_WARN_UNDECLARED_SELECTOR = YES;
				GCC_WARN_UNINITIALIZED_AUTOS = YES_AGGRESSIVE;
				GCC_WARN_UNUSED_FUNCTION = YES;
				GCC_WARN_UNUSED_VARIABLE = YES;
				IPHONEOS_DEPLOYMENT_TARGET = 18.2;
				LOCALIZATION_PREFERS_STRING_CATALOGS = YES;
				MTL_ENABLE_DEBUG_INFO = NO;
				MTL_FAST_MATH = YES;
				SDKROOT = iphoneos;
				SWIFT_COMPILATION_MODE = wholemodule;
				VALIDATE_PRODUCT = YES;
			};
			name = Release;
		};
		F86F65482E0AC84B00FA316C /* Debug */ = {
			isa = XCBuildConfiguration;
			buildSettings = {
				ASSETCATALOG_COMPILER_APPICON_NAME = AppIcon;
				ASSETCATALOG_COMPILER_GLOBAL_ACCENT_COLOR_NAME = AccentColor;
				CODE_SIGN_IDENTITY = "Apple Development";
				CODE_SIGN_STYLE = Automatic;
				CURRENT_PROJECT_VERSION = 1;
				DEVELOPMENT_ASSET_PATHS = "\"RadioCar/Preview Content\"";
				DEVELOPMENT_TEAM = D9R4S9PJ47;
				ENABLE_PREVIEWS = YES;
				GENERATE_INFOPLIST_FILE = YES;
				INFOPLIST_FILE = RadioCar/Info.plist;
				INFOPLIST_KEY_UIApplicationSceneManifest_Generation = YES;
				INFOPLIST_KEY_UIApplicationSupportsIndirectInputEvents = YES;
				INFOPLIST_KEY_UILaunchScreen_Generation = YES;
				INFOPLIST_KEY_UISupportedInterfaceOrientations_iPad = "UIInterfaceOrientationPortrait UIInterfaceOrientationPortraitUpsideDown UIInterfaceOrientationLandscapeLeft UIInterfaceOrientationLandscapeRight";
				INFOPLIST_KEY_UISupportedInterfaceOrientations_iPhone = "UIInterfaceOrientationPortrait UIInterfaceOrientationLandscapeLeft UIInterfaceOrientationLandscapeRight";
				IPHONEOS_DEPLOYMENT_TARGET = 15.8;
				LD_RUNPATH_SEARCH_PATHS = (
					"$(inherited)",
					"@executable_path/Frameworks",
				);
				MARKETING_VERSION = 1.0;
				PRODUCT_BUNDLE_IDENTIFIER = maestrovs.RadioCar;
				PRODUCT_NAME = "$(TARGET_NAME)";
				PROVISIONING_PROFILE_SPECIFIER = "";
				SWIFT_EMIT_LOC_STRINGS = YES;
				SWIFT_VERSION = 5.0;
				TARGETED_DEVICE_FAMILY = "1,2";
			};
			name = Debug;
		};
		F86F65492E0AC84B00FA316C /* Release */ = {
			isa = XCBuildConfiguration;
			buildSettings = {
				ASSETCATALOG_COMPILER_APPICON_NAME = AppIcon;
				ASSETCATALOG_COMPILER_GLOBAL_ACCENT_COLOR_NAME = AccentColor;
				CODE_SIGN_IDENTITY = "Apple Development";
				CODE_SIGN_STYLE = Automatic;
				CURRENT_PROJECT_VERSION = 1;
				DEVELOPMENT_ASSET_PATHS = "\"RadioCar/Preview Content\"";
				DEVELOPMENT_TEAM = D9R4S9PJ47;
				ENABLE_PREVIEWS = YES;
				GENERATE_INFOPLIST_FILE = YES;
				INFOPLIST_FILE = RadioCar/Info.plist;
				INFOPLIST_KEY_UIApplicationSceneManifest_Generation = YES;
				INFOPLIST_KEY_UIApplicationSupportsIndirectInputEvents = YES;
				INFOPLIST_KEY_UILaunchScreen_Generation = YES;
				INFOPLIST_KEY_UISupportedInterfaceOrientations_iPad = "UIInterfaceOrientationPortrait UIInterfaceOrientationPortraitUpsideDown UIInterfaceOrientationLandscapeLeft UIInterfaceOrientationLandscapeRight";
				INFOPLIST_KEY_UISupportedInterfaceOrientations_iPhone = "UIInterfaceOrientationPortrait UIInterfaceOrientationLandscapeLeft UIInterfaceOrientationLandscapeRight";
				IPHONEOS_DEPLOYMENT_TARGET = 15.8;
				LD_RUNPATH_SEARCH_PATHS = (
					"$(inherited)",
					"@executable_path/Frameworks",
				);
				MARKETING_VERSION = 1.0;
				PRODUCT_BUNDLE_IDENTIFIER = maestrovs.RadioCar;
				PRODUCT_NAME = "$(TARGET_NAME)";
				PROVISIONING_PROFILE_SPECIFIER = "";
				SWIFT_EMIT_LOC_STRINGS = YES;
				SWIFT_VERSION = 5.0;
				TARGETED_DEVICE_FAMILY = "1,2";
			};
			name = Release;
		};
		F86F654B2E0AC84B00FA316C /* Debug */ = {
			isa = XCBuildConfiguration;
			buildSettings = {
				BUNDLE_LOADER = "$(TEST_HOST)";
				CODE_SIGN_STYLE = Automatic;
				CURRENT_PROJECT_VERSION = 1;
				DEVELOPMENT_TEAM = D9R4S9PJ47;
				GENERATE_INFOPLIST_FILE = YES;
				IPHONEOS_DEPLOYMENT_TARGET = 18.2;
				MARKETING_VERSION = 1.0;
				PRODUCT_BUNDLE_IDENTIFIER = maestrovs.RadioCarTests;
				PRODUCT_NAME = "$(TARGET_NAME)";
				SWIFT_EMIT_LOC_STRINGS = NO;
				SWIFT_VERSION = 5.0;
				TARGETED_DEVICE_FAMILY = "1,2";
				TEST_HOST = "$(BUILT_PRODUCTS_DIR)/RadioCar.app/$(BUNDLE_EXECUTABLE_FOLDER_PATH)/RadioCar";
			};
			name = Debug;
		};
		F86F654C2E0AC84B00FA316C /* Release */ = {
			isa = XCBuildConfiguration;
			buildSettings = {
				BUNDLE_LOADER = "$(TEST_HOST)";
				CODE_SIGN_STYLE = Automatic;
				CURRENT_PROJECT_VERSION = 1;
				DEVELOPMENT_TEAM = D9R4S9PJ47;
				GENERATE_INFOPLIST_FILE = YES;
				IPHONEOS_DEPLOYMENT_TARGET = 18.2;
				MARKETING_VERSION = 1.0;
				PRODUCT_BUNDLE_IDENTIFIER = maestrovs.RadioCarTests;
				PRODUCT_NAME = "$(TARGET_NAME)";
				SWIFT_EMIT_LOC_STRINGS = NO;
				SWIFT_VERSION = 5.0;
				TARGETED_DEVICE_FAMILY = "1,2";
				TEST_HOST = "$(BUILT_PRODUCTS_DIR)/RadioCar.app/$(BUNDLE_EXECUTABLE_FOLDER_PATH)/RadioCar";
			};
			name = Release;
		};
		F86F654E2E0AC84B00FA316C /* Debug */ = {
			isa = XCBuildConfiguration;
			buildSettings = {
				CODE_SIGN_STYLE = Automatic;
				CURRENT_PROJECT_VERSION = 1;
				DEVELOPMENT_TEAM = D9R4S9PJ47;
				GENERATE_INFOPLIST_FILE = YES;
				MARKETING_VERSION = 1.0;
				PRODUCT_BUNDLE_IDENTIFIER = maestrovs.RadioCarUITests;
				PRODUCT_NAME = "$(TARGET_NAME)";
				SWIFT_EMIT_LOC_STRINGS = NO;
				SWIFT_VERSION = 5.0;
				TARGETED_DEVICE_FAMILY = "1,2";
				TEST_TARGET_NAME = RadioCar;
			};
			name = Debug;
		};
		F86F654F2E0AC84B00FA316C /* Release */ = {
			isa = XCBuildConfiguration;
			buildSettings = {
				CODE_SIGN_STYLE = Automatic;
				CURRENT_PROJECT_VERSION = 1;
				DEVELOPMENT_TEAM = D9R4S9PJ47;
				GENERATE_INFOPLIST_FILE = YES;
				MARKETING_VERSION = 1.0;
				PRODUCT_BUNDLE_IDENTIFIER = maestrovs.RadioCarUITests;
				PRODUCT_NAME = "$(TARGET_NAME)";
				SWIFT_EMIT_LOC_STRINGS = NO;
				SWIFT_VERSION = 5.0;
				TARGETED_DEVICE_FAMILY = "1,2";
				TEST_TARGET_NAME = RadioCar;
			};
			name = Release;
		};
/* End XCBuildConfiguration section */

/* Begin XCConfigurationList section */
		F86F651C2E0AC84A00FA316C /* Build configuration list for PBXProject "RadioCar" */ = {
			isa = XCConfigurationList;
			buildConfigurations = (
				F86F65452E0AC84B00FA316C /* Debug */,
				F86F65462E0AC84B00FA316C /* Release */,
			);
			defaultConfigurationIsVisible = 0;
			defaultConfigurationName = Release;
		};
		F86F65472E0AC84B00FA316C /* Build configuration list for PBXNativeTarget "RadioCar" */ = {
			isa = XCConfigurationList;
			buildConfigurations = (
				F86F65482E0AC84B00FA316C /* Debug */,
				F86F65492E0AC84B00FA316C /* Release */,
			);
			defaultConfigurationIsVisible = 0;
			defaultConfigurationName = Release;
		};
		F86F654A2E0AC84B00FA316C /* Build configuration list for PBXNativeTarget "RadioCarTests" */ = {
			isa = XCConfigurationList;
			buildConfigurations = (
				F86F654B2E0AC84B00FA316C /* Debug */,
				F86F654C2E0AC84B00FA316C /* Release */,
			);
			defaultConfigurationIsVisible = 0;
			defaultConfigurationName = Release;
		};
		F86F654D2E0AC84B00FA316C /* Build configuration list for PBXNativeTarget "RadioCarUITests" */ = {
			isa = XCConfigurationList;
			buildConfigurations = (
				F86F654E2E0AC84B00FA316C /* Debug */,
				F86F654F2E0AC84B00FA316C /* Release */,
			);
			defaultConfigurationIsVisible = 0;
			defaultConfigurationName = Release;
		};
/* End XCConfigurationList section */

/* Begin XCRemoteSwiftPackageReference section */
		F8B1CD582E38FD16005FA8E9 /* XCRemoteSwiftPackageReference "lottie-ios" */ = {
			isa = XCRemoteSwiftPackageReference;
			repositoryURL = "https://github.com/airbnb/lottie-ios";
			requirement = {
				kind = upToNextMajorVersion;
				minimumVersion = 4.5.2;
			};
		};
/* End XCRemoteSwiftPackageReference section */

/* Begin XCSwiftPackageProductDependency section */
		F8B1CD592E38FD16005FA8E9 /* Lottie */ = {
			isa = XCSwiftPackageProductDependency;
			package = F8B1CD582E38FD16005FA8E9 /* XCRemoteSwiftPackageReference "lottie-ios" */;
			productName = Lottie;
		};
/* End XCSwiftPackageProductDependency section */
	};
	rootObject = F86F65192E0AC84A00FA316C /* Project object */;
}
